
Microsoft Visual Studio Solution File, Format Version 12.00
# Visual Studio Version 17
VisualStudioVersion = 17.2.32519.379
MinimumVisualStudioVersion = 10.0.40219.1
Project("{FAE04EC0-301F-11D3-BF4B-00C04F79EFBC}") = "CliffordAttractor", "CliffordAttractor\CliffordAttractor.csproj", "{A58676E5-8DBD-4864-9F94-84783E83545D}"
EndProject
Global
	GlobalSection(SolutionConfigurationPlatforms) = preSolution
		Debug|Any CPU = Debug|Any CPU
		Release|Any CPU = Release|Any CPU
	EndGlobalSection
	GlobalSection(ProjectConfigurationPlatforms) = postSolution
		{A58676E5-8DBD-4864-9F94-84783E83545D}.Debug|Any CPU.ActiveCfg = Debug|Any CPU
		{A58676E5-8DBD-4864-9F94-84783E83545D}.Debug|Any CPU.Build.0 = Debug|Any CPU
		{A58676E5-8DBD-4864-9F94-84783E83545D}.Release|Any CPU.ActiveCfg = Release|Any CPU
		{A58676E5-8DBD-4864-9F94-84783E83545D}.Release|Any CPU.Build.0 = Release|Any CPU
	EndGlobalSection
	GlobalSection(SolutionProperties) = preSolution
		HideSolutionNode = FALSE
	EndGlobalSection
	GlobalSection(ExtensibilityGlobals) = postSolution
		SolutionGuid = {692F905A-A8EB-4297-ACE0-166D0CCFCD50}
	EndGlobalSection
EndGlobal
